
Microsoft Visual Studio Solution File, Format Version 12.00
# Visual Studio Version 17
VisualStudioVersion = 17.7.34024.191
MinimumVisualStudioVersion = 10.0.40219.1
Project("{FAE04EC0-301F-11D3-BF4B-00C04F79EFBC}") = "Formulario", "Formulario.csproj", "{1123E38F-090E-4DBD-ABCE-210C5541DF57}"
	ProjectSection(ProjectDependencies) = postProject
		{3C108232-F009-4F73-AD12-88100D4D1CD2} = {3C108232-F009-4F73-AD12-88100D4D1CD2}
	EndProjectSection
EndProject
Project("{FAE04EC0-301F-11D3-BF4B-00C04F79EFBC}") = "Entidades", "..\Entidades\Entidades.csproj", "{3C108232-F009-4F73-AD12-88100D4D1CD2}"
EndProject
Global
	GlobalSection(SolutionConfigurationPlatforms) = preSolution
		Debug|Any CPU = Debug|Any CPU
		Release|Any CPU = Release|Any CPU
	EndGlobalSection
	GlobalSection(ProjectConfigurationPlatforms) = postSolution
		{1123E38F-090E-4DBD-ABCE-210C5541DF57}.Debug|Any CPU.ActiveCfg = Debug|Any CPU
		{1123E38F-090E-4DBD-ABCE-210C5541DF57}.Debug|Any CPU.Build.0 = Debug|Any CPU
		{1123E38F-090E-4DBD-ABCE-210C5541DF57}.Release|Any CPU.ActiveCfg = Release|Any CPU
		{1123E38F-090E-4DBD-ABCE-210C5541DF57}.Release|Any CPU.Build.0 = Release|Any CPU
		{3C108232-F009-4F73-AD12-88100D4D1CD2}.Debug|Any CPU.ActiveCfg = Debug|Any CPU
		{3C108232-F009-4F73-AD12-88100D4D1CD2}.Debug|Any CPU.Build.0 = Debug|Any CPU
		{3C108232-F009-4F73-AD12-88100D4D1CD2}.Release|Any CPU.ActiveCfg = Release|Any CPU
		{3C108232-F009-4F73-AD12-88100D4D1CD2}.Release|Any CPU.Build.0 = Release|Any CPU
	EndGlobalSection
	GlobalSection(SolutionProperties) = preSolution
		HideSolutionNode = FALSE
	EndGlobalSection
	GlobalSection(ExtensibilityGlobals) = postSolution
		SolutionGuid = {3064B35C-3F10-4BD0-89EC-FF964CB1B269}
	EndGlobalSection
EndGlobal
